github.com/jdetok/golib v0.0.0-20250726201053-9488b3eb19d5 h1:x5bxRePEoFR11gbq+d/AoTuwmaKqX8l18QE7J/UJQC0=
github.com/jdetok/golib v0.0.0-20250726201053-9488b3eb19d5/go.mod h1:n/TzNVPIaLhbXKE82pIIesDXgoPMi4Nc0c7z7vi6UpQ=
github.com/joho/godotenv v1.5.1 h1:7eLL/+HRGLY0ldzfGMeQkb7vMd0as4CfYvUVzLqw0N0=
github.com/joho/godotenv v1.5.1/go.mod h1:f4LDr5Voq0i2e/R5DDNOoa2zzDfwtkZa6DnEwAbqwq4=
github.com/lib/pq v1.10.9 h1:YXG7RB+JIjhP29X+OtkiDnYaXQwpS4JEWq7dtCCRUEw=
github.com/lib/pq v1.10.9/go.mod h1:AlVN5x4E4T544tWzH6hKfbfQvm3HdbOxrmggDNAPY9o=
